
Microsoft Visual Studio Solution File, Format Version 12.00
# Visual Studio 14
VisualStudioVersion = 14.0.25420.1
MinimumVisualStudioVersion = 10.0.40219.1
Project("{FAE04EC0-301F-11D3-BF4B-00C04F79EFBC}") = "WebEx.Data", "src\Core\WebEx.Data\WebEx.Data.csproj", "{EA8807FD-AEE8-4BFB-87F5-0E78D54C4AF5}"
EndProject
Project("{2150E333-8FDC-42A3-9474-1A3956D46DE8}") = "src", "src", "{F5506237-EE49-4C54-A50B-A7C4CE86E839}"
EndProject
Project("{2150E333-8FDC-42A3-9474-1A3956D46DE8}") = "Modules", "Modules", "{A978BC17-4952-41A5-B121-AC1317954A22}"
EndProject
Project("{2150E333-8FDC-42A3-9474-1A3956D46DE8}") = "Core", "Core", "{CD9C0C78-7847-43F3-9DF4-3F467F9E7BD0}"
EndProject
Project("{2150E333-8FDC-42A3-9474-1A3956D46DE8}") = "Test", "Test", "{89A9D660-7401-4360-8266-19CDA45801EA}"
EndProject
Project("{FAE04EC0-301F-11D3-BF4B-00C04F79EFBC}") = "WebEx.Interfaces", "src\Core\WebEx.Interfaces\WebEx.Interfaces.csproj", "{ADA6C696-0FC0-46E5-B03C-38851449926C}"
EndProject
Project("{FAE04EC0-301F-11D3-BF4B-00C04F79EFBC}") = "WebEx.Data.Test", "src\Test\WebEx.Data.Test\WebEx.Data.Test.csproj", "{6C54FCF4-DBA4-42C2-9D92-69621A317AF4}"
EndProject
Project("{2150E333-8FDC-42A3-9474-1A3956D46DE8}") = "API", "API", "{ABD78F24-DDC4-4EA8-A499-FF376465C7AC}"
EndProject
Project("{FAE04EC0-301F-11D3-BF4B-00C04F79EFBC}") = "WebEx.API", "src\API\WebEx.API\WebEx.API.csproj", "{B86E09A7-8B41-40EF-829E-F4D201D1BCDD}"
EndProject
Project("{2150E333-8FDC-42A3-9474-1A3956D46DE8}") = "Apps", "Apps", "{EF8D9EFD-34EC-4ACB-AF35-594CAA88EE93}"
EndProject
Project("{FAE04EC0-301F-11D3-BF4B-00C04F79EFBC}") = "DatabaseTester", "src\Test\Apps\DatabaseTester\DatabaseTester.csproj", "{719CC4A5-F5DA-49EE-B1B0-D6F75DAC172C}"
EndProject
Project("{FAE04EC0-301F-11D3-BF4B-00C04F79EFBC}") = "WebEx.Components", "src\Core\WebEx.Components\WebEx.Components.csproj", "{29A13B38-9311-45BF-92E8-3A667AEA04F0}"
EndProject
Project("{FAE04EC0-301F-11D3-BF4B-00C04F79EFBC}") = "WebEx.Util", "src\Core\WebEx.Util\WebEx.Util.csproj", "{E5C4E6EE-DF10-4669-8464-D77F03CEC22B}"
EndProject
Project("{FAE04EC0-301F-11D3-BF4B-00C04F79EFBC}") = "WebEx.Person.Module", "src\Modules\WebEx.Person.Module\WebEx.Person.Module.csproj", "{D92BF4FB-5FDF-4681-A6EE-5C978AF1FE3B}"
EndProject
Project("{FAE04EC0-301F-11D3-BF4B-00C04F79EFBC}") = "WebEx.IoC", "src\Core\WebEx.IoC\WebEx.IoC.csproj", "{2B69F1F1-5F85-4A46-A732-8424236D5437}"
EndProject
Project("{FAE04EC0-301F-11D3-BF4B-00C04F79EFBC}") = "ModuleTester", "src\Test\Apps\ModuleTester\ModuleTester.csproj", "{15F8B3B4-B43E-48FB-8D7E-2C7533447D57}"
EndProject
Project("{FAE04EC0-301F-11D3-BF4B-00C04F79EFBC}") = "WebEx.Person.UIModule", "src\Modules\WebEx.Person.UIModule\WebEx.Person.UIModule.csproj", "{106224AF-AE57-4E57-B774-2A91544CDD44}"
EndProject
Project("{2150E333-8FDC-42A3-9474-1A3956D46DE8}") = "Client", "Client", "{D8E0BC1A-098E-4FA7-83CA-228B427F6BB7}"
EndProject
Project("{FAE04EC0-301F-11D3-BF4B-00C04F79EFBC}") = "WebEx.Client", "src\Client\WebEx.Client\WebEx.Client.csproj", "{13C4C131-1FE8-4C0D-978A-6208D854B2D4}"
EndProject
Project("{FAE04EC0-301F-11D3-BF4B-00C04F79EFBC}") = "WebEx.Person.Interface", "src\Modules\WebEx.Person.Interface\WebEx.Person.Interface.csproj", "{383753FB-2D90-481B-8352-C7CFE3B7A9FA}"
EndProject
Project("{FAE04EC0-301F-11D3-BF4B-00C04F79EFBC}") = "WebEx.DbContextScope", "src\Core\WebEx.DbContextScope\WebEx.DbContextScope.csproj", "{91A896A0-AA77-43DF-B948-6373E4ED3ED3}"
EndProject
Global
	GlobalSection(SolutionConfigurationPlatforms) = preSolution
		Debug|Any CPU = Debug|Any CPU
		Release|Any CPU = Release|Any CPU
	EndGlobalSection
	GlobalSection(ProjectConfigurationPlatforms) = postSolution
		{EA8807FD-AEE8-4BFB-87F5-0E78D54C4AF5}.Debug|Any CPU.ActiveCfg = Debug|Any CPU
		{EA8807FD-AEE8-4BFB-87F5-0E78D54C4AF5}.Debug|Any CPU.Build.0 = Debug|Any CPU
		{EA8807FD-AEE8-4BFB-87F5-0E78D54C4AF5}.Release|Any CPU.ActiveCfg = Release|Any CPU
		{EA8807FD-AEE8-4BFB-87F5-0E78D54C4AF5}.Release|Any CPU.Build.0 = Release|Any CPU
		{ADA6C696-0FC0-46E5-B03C-38851449926C}.Debug|Any CPU.ActiveCfg = Debug|Any CPU
		{ADA6C696-0FC0-46E5-B03C-38851449926C}.Debug|Any CPU.Build.0 = Debug|Any CPU
		{ADA6C696-0FC0-46E5-B03C-38851449926C}.Release|Any CPU.ActiveCfg = Release|Any CPU
		{ADA6C696-0FC0-46E5-B03C-38851449926C}.Release|Any CPU.Build.0 = Release|Any CPU
		{6C54FCF4-DBA4-42C2-9D92-69621A317AF4}.Debug|Any CPU.ActiveCfg = Debug|Any CPU
		{6C54FCF4-DBA4-42C2-9D92-69621A317AF4}.Debug|Any CPU.Build.0 = Debug|Any CPU
		{6C54FCF4-DBA4-42C2-9D92-69621A317AF4}.Release|Any CPU.ActiveCfg = Release|Any CPU
		{6C54FCF4-DBA4-42C2-9D92-69621A317AF4}.Release|Any CPU.Build.0 = Release|Any CPU
		{B86E09A7-8B41-40EF-829E-F4D201D1BCDD}.Debug|Any CPU.ActiveCfg = Debug|Any CPU
		{B86E09A7-8B41-40EF-829E-F4D201D1BCDD}.Debug|Any CPU.Build.0 = Debug|Any CPU
		{B86E09A7-8B41-40EF-829E-F4D201D1BCDD}.Release|Any CPU.ActiveCfg = Release|Any CPU
		{B86E09A7-8B41-40EF-829E-F4D201D1BCDD}.Release|Any CPU.Build.0 = Release|Any CPU
		{719CC4A5-F5DA-49EE-B1B0-D6F75DAC172C}.Debug|Any CPU.ActiveCfg = Debug|Any CPU
		{719CC4A5-F5DA-49EE-B1B0-D6F75DAC172C}.Debug|Any CPU.Build.0 = Debug|Any CPU
		{719CC4A5-F5DA-49EE-B1B0-D6F75DAC172C}.Release|Any CPU.ActiveCfg = Release|Any CPU
		{719CC4A5-F5DA-49EE-B1B0-D6F75DAC172C}.Release|Any CPU.Build.0 = Release|Any CPU
		{29A13B38-9311-45BF-92E8-3A667AEA04F0}.Debug|Any CPU.ActiveCfg = Debug|Any CPU
		{29A13B38-9311-45BF-92E8-3A667AEA04F0}.Debug|Any CPU.Build.0 = Debug|Any CPU
		{29A13B38-9311-45BF-92E8-3A667AEA04F0}.Release|Any CPU.ActiveCfg = Release|Any CPU
		{29A13B38-9311-45BF-92E8-3A667AEA04F0}.Release|Any CPU.Build.0 = Release|Any CPU
		{E5C4E6EE-DF10-4669-8464-D77F03CEC22B}.Debug|Any CPU.ActiveCfg = Debug|Any CPU
		{E5C4E6EE-DF10-4669-8464-D77F03CEC22B}.Debug|Any CPU.Build.0 = Debug|Any CPU
		{E5C4E6EE-DF10-4669-8464-D77F03CEC22B}.Release|Any CPU.ActiveCfg = Release|Any CPU
		{E5C4E6EE-DF10-4669-8464-D77F03CEC22B}.Release|Any CPU.Build.0 = Release|Any CPU
		{D92BF4FB-5FDF-4681-A6EE-5C978AF1FE3B}.Debug|Any CPU.ActiveCfg = Debug|Any CPU
		{D92BF4FB-5FDF-4681-A6EE-5C978AF1FE3B}.Debug|Any CPU.Build.0 = Debug|Any CPU
		{D92BF4FB-5FDF-4681-A6EE-5C978AF1FE3B}.Release|Any CPU.ActiveCfg = Release|Any CPU
		{D92BF4FB-5FDF-4681-A6EE-5C978AF1FE3B}.Release|Any CPU.Build.0 = Release|Any CPU
		{2B69F1F1-5F85-4A46-A732-8424236D5437}.Debug|Any CPU.ActiveCfg = Debug|Any CPU
		{2B69F1F1-5F85-4A46-A732-8424236D5437}.Debug|Any CPU.Build.0 = Debug|Any CPU
		{2B69F1F1-5F85-4A46-A732-8424236D5437}.Release|Any CPU.ActiveCfg = Release|Any CPU
		{2B69F1F1-5F85-4A46-A732-8424236D5437}.Release|Any CPU.Build.0 = Release|Any CPU
		{15F8B3B4-B43E-48FB-8D7E-2C7533447D57}.Debug|Any CPU.ActiveCfg = Debug|Any CPU
		{15F8B3B4-B43E-48FB-8D7E-2C7533447D57}.Debug|Any CPU.Build.0 = Debug|Any CPU
		{15F8B3B4-B43E-48FB-8D7E-2C7533447D57}.Release|Any CPU.ActiveCfg = Release|Any CPU
		{15F8B3B4-B43E-48FB-8D7E-2C7533447D57}.Release|Any CPU.Build.0 = Release|Any CPU
		{106224AF-AE57-4E57-B774-2A91544CDD44}.Debug|Any CPU.ActiveCfg = Debug|Any CPU
		{106224AF-AE57-4E57-B774-2A91544CDD44}.Debug|Any CPU.Build.0 = Debug|Any CPU
		{106224AF-AE57-4E57-B774-2A91544CDD44}.Release|Any CPU.ActiveCfg = Release|Any CPU
		{106224AF-AE57-4E57-B774-2A91544CDD44}.Release|Any CPU.Build.0 = Release|Any CPU
		{13C4C131-1FE8-4C0D-978A-6208D854B2D4}.Debug|Any CPU.ActiveCfg = Debug|Any CPU
		{13C4C131-1FE8-4C0D-978A-6208D854B2D4}.Debug|Any CPU.Build.0 = Debug|Any CPU
		{13C4C131-1FE8-4C0D-978A-6208D854B2D4}.Release|Any CPU.ActiveCfg = Release|Any CPU
		{13C4C131-1FE8-4C0D-978A-6208D854B2D4}.Release|Any CPU.Build.0 = Release|Any CPU
		{383753FB-2D90-481B-8352-C7CFE3B7A9FA}.Debug|Any CPU.ActiveCfg = Debug|Any CPU
		{383753FB-2D90-481B-8352-C7CFE3B7A9FA}.Debug|Any CPU.Build.0 = Debug|Any CPU
		{383753FB-2D90-481B-8352-C7CFE3B7A9FA}.Release|Any CPU.ActiveCfg = Release|Any CPU
		{383753FB-2D90-481B-8352-C7CFE3B7A9FA}.Release|Any CPU.Build.0 = Release|Any CPU
		{91A896A0-AA77-43DF-B948-6373E4ED3ED3}.Debug|Any CPU.ActiveCfg = Debug|Any CPU
		{91A896A0-AA77-43DF-B948-6373E4ED3ED3}.Debug|Any CPU.Build.0 = Debug|Any CPU
		{91A896A0-AA77-43DF-B948-6373E4ED3ED3}.Release|Any CPU.ActiveCfg = Release|Any CPU
		{91A896A0-AA77-43DF-B948-6373E4ED3ED3}.Release|Any CPU.Build.0 = Release|Any CPU
	EndGlobalSection
	GlobalSection(SolutionProperties) = preSolution
		HideSolutionNode = FALSE
	EndGlobalSection
	GlobalSection(NestedProjects) = preSolution
		{EA8807FD-AEE8-4BFB-87F5-0E78D54C4AF5} = {CD9C0C78-7847-43F3-9DF4-3F467F9E7BD0}
		{A978BC17-4952-41A5-B121-AC1317954A22} = {F5506237-EE49-4C54-A50B-A7C4CE86E839}
		{CD9C0C78-7847-43F3-9DF4-3F467F9E7BD0} = {F5506237-EE49-4C54-A50B-A7C4CE86E839}
		{89A9D660-7401-4360-8266-19CDA45801EA} = {F5506237-EE49-4C54-A50B-A7C4CE86E839}
		{ADA6C696-0FC0-46E5-B03C-38851449926C} = {CD9C0C78-7847-43F3-9DF4-3F467F9E7BD0}
		{6C54FCF4-DBA4-42C2-9D92-69621A317AF4} = {89A9D660-7401-4360-8266-19CDA45801EA}
		{ABD78F24-DDC4-4EA8-A499-FF376465C7AC} = {F5506237-EE49-4C54-A50B-A7C4CE86E839}
		{B86E09A7-8B41-40EF-829E-F4D201D1BCDD} = {ABD78F24-DDC4-4EA8-A499-FF376465C7AC}
		{EF8D9EFD-34EC-4ACB-AF35-594CAA88EE93} = {89A9D660-7401-4360-8266-19CDA45801EA}
		{719CC4A5-F5DA-49EE-B1B0-D6F75DAC172C} = {EF8D9EFD-34EC-4ACB-AF35-594CAA88EE93}
		{29A13B38-9311-45BF-92E8-3A667AEA04F0} = {CD9C0C78-7847-43F3-9DF4-3F467F9E7BD0}
		{E5C4E6EE-DF10-4669-8464-D77F03CEC22B} = {CD9C0C78-7847-43F3-9DF4-3F467F9E7BD0}
		{D92BF4FB-5FDF-4681-A6EE-5C978AF1FE3B} = {A978BC17-4952-41A5-B121-AC1317954A22}
		{2B69F1F1-5F85-4A46-A732-8424236D5437} = {CD9C0C78-7847-43F3-9DF4-3F467F9E7BD0}
		{15F8B3B4-B43E-48FB-8D7E-2C7533447D57} = {EF8D9EFD-34EC-4ACB-AF35-594CAA88EE93}
		{106224AF-AE57-4E57-B774-2A91544CDD44} = {A978BC17-4952-41A5-B121-AC1317954A22}
		{D8E0BC1A-098E-4FA7-83CA-228B427F6BB7} = {F5506237-EE49-4C54-A50B-A7C4CE86E839}
		{13C4C131-1FE8-4C0D-978A-6208D854B2D4} = {D8E0BC1A-098E-4FA7-83CA-228B427F6BB7}
		{383753FB-2D90-481B-8352-C7CFE3B7A9FA} = {A978BC17-4952-41A5-B121-AC1317954A22}
		{91A896A0-AA77-43DF-B948-6373E4ED3ED3} = {CD9C0C78-7847-43F3-9DF4-3F467F9E7BD0}
	EndGlobalSection
EndGlobal
