
Microsoft Visual Studio Solution File, Format Version 12.00
# Visual Studio 14
VisualStudioVersion = 14.0.25420.1
MinimumVisualStudioVersion = 10.0.40219.1
Project("{FAE04EC0-301F-11D3-BF4B-00C04F79EFBC}") = "WebEx.Data", "src\Core\WebEx.Data\WebEx.Data.csproj", "{EA8807FD-AEE8-4BFB-87F5-0E78D54C4AF5}"
EndProject
Project("{2150E333-8FDC-42A3-9474-1A3956D46DE8}") = "src", "src", "{F5506237-EE49-4C54-A50B-A7C4CE86E839}"
EndProject
Project("{2150E333-8FDC-42A3-9474-1A3956D46DE8}") = "Client", "Client", "{A978BC17-4952-41A5-B121-AC1317954A22}"
EndProject
Project("{2150E333-8FDC-42A3-9474-1A3956D46DE8}") = "Core", "Core", "{CD9C0C78-7847-43F3-9DF4-3F467F9E7BD0}"
EndProject
Project("{2150E333-8FDC-42A3-9474-1A3956D46DE8}") = "Test", "Test", "{89A9D660-7401-4360-8266-19CDA45801EA}"
EndProject
Project("{FAE04EC0-301F-11D3-BF4B-00C04F79EFBC}") = "WebEx.Interfaces", "src\Core\WebEx.Interfaces\WebEx.Interfaces.csproj", "{ADA6C696-0FC0-46E5-B03C-38851449926C}"
EndProject
Project("{FAE04EC0-301F-11D3-BF4B-00C04F79EFBC}") = "WebEx.Data.Test", "src\Test\WebEx.Data.Test\WebEx.Data.Test.csproj", "{6C54FCF4-DBA4-42C2-9D92-69621A317AF4}"
EndProject
Project("{2150E333-8FDC-42A3-9474-1A3956D46DE8}") = "API", "API", "{ABD78F24-DDC4-4EA8-A499-FF376465C7AC}"
EndProject
Project("{FAE04EC0-301F-11D3-BF4B-00C04F79EFBC}") = "WebEx.API", "src\API\WebEx.API\WebEx.API.csproj", "{B86E09A7-8B41-40EF-829E-F4D201D1BCDD}"
EndProject
Global
	GlobalSection(SolutionConfigurationPlatforms) = preSolution
		Debug|Any CPU = Debug|Any CPU
		Release|Any CPU = Release|Any CPU
	EndGlobalSection
	GlobalSection(ProjectConfigurationPlatforms) = postSolution
		{EA8807FD-AEE8-4BFB-87F5-0E78D54C4AF5}.Debug|Any CPU.ActiveCfg = Debug|Any CPU
		{EA8807FD-AEE8-4BFB-87F5-0E78D54C4AF5}.Debug|Any CPU.Build.0 = Debug|Any CPU
		{EA8807FD-AEE8-4BFB-87F5-0E78D54C4AF5}.Release|Any CPU.ActiveCfg = Release|Any CPU
		{EA8807FD-AEE8-4BFB-87F5-0E78D54C4AF5}.Release|Any CPU.Build.0 = Release|Any CPU
		{ADA6C696-0FC0-46E5-B03C-38851449926C}.Debug|Any CPU.ActiveCfg = Debug|Any CPU
		{ADA6C696-0FC0-46E5-B03C-38851449926C}.Debug|Any CPU.Build.0 = Debug|Any CPU
		{ADA6C696-0FC0-46E5-B03C-38851449926C}.Release|Any CPU.ActiveCfg = Release|Any CPU
		{ADA6C696-0FC0-46E5-B03C-38851449926C}.Release|Any CPU.Build.0 = Release|Any CPU
		{6C54FCF4-DBA4-42C2-9D92-69621A317AF4}.Debug|Any CPU.ActiveCfg = Debug|Any CPU
		{6C54FCF4-DBA4-42C2-9D92-69621A317AF4}.Debug|Any CPU.Build.0 = Debug|Any CPU
		{6C54FCF4-DBA4-42C2-9D92-69621A317AF4}.Release|Any CPU.ActiveCfg = Release|Any CPU
		{6C54FCF4-DBA4-42C2-9D92-69621A317AF4}.Release|Any CPU.Build.0 = Release|Any CPU
		{B86E09A7-8B41-40EF-829E-F4D201D1BCDD}.Debug|Any CPU.ActiveCfg = Debug|Any CPU
		{B86E09A7-8B41-40EF-829E-F4D201D1BCDD}.Debug|Any CPU.Build.0 = Debug|Any CPU
		{B86E09A7-8B41-40EF-829E-F4D201D1BCDD}.Release|Any CPU.ActiveCfg = Release|Any CPU
		{B86E09A7-8B41-40EF-829E-F4D201D1BCDD}.Release|Any CPU.Build.0 = Release|Any CPU
	EndGlobalSection
	GlobalSection(SolutionProperties) = preSolution
		HideSolutionNode = FALSE
	EndGlobalSection
	GlobalSection(NestedProjects) = preSolution
		{EA8807FD-AEE8-4BFB-87F5-0E78D54C4AF5} = {CD9C0C78-7847-43F3-9DF4-3F467F9E7BD0}
		{A978BC17-4952-41A5-B121-AC1317954A22} = {F5506237-EE49-4C54-A50B-A7C4CE86E839}
		{CD9C0C78-7847-43F3-9DF4-3F467F9E7BD0} = {F5506237-EE49-4C54-A50B-A7C4CE86E839}
		{89A9D660-7401-4360-8266-19CDA45801EA} = {F5506237-EE49-4C54-A50B-A7C4CE86E839}
		{ADA6C696-0FC0-46E5-B03C-38851449926C} = {CD9C0C78-7847-43F3-9DF4-3F467F9E7BD0}
		{6C54FCF4-DBA4-42C2-9D92-69621A317AF4} = {89A9D660-7401-4360-8266-19CDA45801EA}
		{ABD78F24-DDC4-4EA8-A499-FF376465C7AC} = {F5506237-EE49-4C54-A50B-A7C4CE86E839}
		{B86E09A7-8B41-40EF-829E-F4D201D1BCDD} = {ABD78F24-DDC4-4EA8-A499-FF376465C7AC}
	EndGlobalSection
EndGlobal
